
Microsoft Visual Studio Solution File, Format Version 12.00
# Visual Studio Version 16
VisualStudioVersion = 16.0.34902.97
MinimumVisualStudioVersion = 10.0.40219.1
Project("{FAE04EC0-301F-11D3-BF4B-00C04F79EFBC}") = "Veterinary System", "Veterinary System\Veterinary System.csproj", "{30F66B4C-5065-480A-91C9-46B508173278}"
EndProject
Global
	GlobalSection(SolutionConfigurationPlatforms) = preSolution
		Debug|Any CPU = Debug|Any CPU
		Release|Any CPU = Release|Any CPU
	EndGlobalSection
	GlobalSection(ProjectConfigurationPlatforms) = postSolution
		{30F66B4C-5065-480A-91C9-46B508173278}.Debug|Any CPU.ActiveCfg = Debug|Any CPU
		{30F66B4C-5065-480A-91C9-46B508173278}.Debug|Any CPU.Build.0 = Debug|Any CPU
		{30F66B4C-5065-480A-91C9-46B508173278}.Release|Any CPU.ActiveCfg = Release|Any CPU
		{30F66B4C-5065-480A-91C9-46B508173278}.Release|Any CPU.Build.0 = Release|Any CPU
	EndGlobalSection
	GlobalSection(SolutionProperties) = preSolution
		HideSolutionNode = FALSE
	EndGlobalSection
	GlobalSection(ExtensibilityGlobals) = postSolution
		SolutionGuid = {AB60D007-C7DB-47B0-82C2-D5E75E2307F9}
	EndGlobalSection
EndGlobal
